
Microsoft Visual Studio Solution File, Format Version 12.00
# Visual Studio Version 17
VisualStudioVersion = 17.14.36301.6 d17.14
MinimumVisualStudioVersion = 10.0.40219.1
Project("{8BC9CEB8-8B4A-11D0-8D11-00A0C91BC942}") = "Chapter3-6", "Chapter3-6\Chapter3-6.vcxproj", "{D85FF0BA-6AF3-4170-B5BB-376D0F719543}"
EndProject
Global
	GlobalSection(SolutionConfigurationPlatforms) = preSolution
		Debug|x64 = Debug|x64
		Debug|x86 = Debug|x86
		Release|x64 = Release|x64
		Release|x86 = Release|x86
	EndGlobalSection
	GlobalSection(ProjectConfigurationPlatforms) = postSolution
		{D85FF0BA-6AF3-4170-B5BB-376D0F719543}.Debug|x64.ActiveCfg = Debug|x64
		{D85FF0BA-6AF3-4170-B5BB-376D0F719543}.Debug|x64.Build.0 = Debug|x64
		{D85FF0BA-6AF3-4170-B5BB-376D0F719543}.Debug|x86.ActiveCfg = Debug|Win32
		{D85FF0BA-6AF3-4170-B5BB-376D0F719543}.Debug|x86.Build.0 = Debug|Win32
		{D85FF0BA-6AF3-4170-B5BB-376D0F719543}.Release|x64.ActiveCfg = Release|x64
		{D85FF0BA-6AF3-4170-B5BB-376D0F719543}.Release|x64.Build.0 = Release|x64
		{D85FF0BA-6AF3-4170-B5BB-376D0F719543}.Release|x86.ActiveCfg = Release|Win32
		{D85FF0BA-6AF3-4170-B5BB-376D0F719543}.Release|x86.Build.0 = Release|Win32
	EndGlobalSection
	GlobalSection(SolutionProperties) = preSolution
		HideSolutionNode = FALSE
	EndGlobalSection
	GlobalSection(ExtensibilityGlobals) = postSolution
		SolutionGuid = {B6D3F2A8-3D1F-4B42-B270-EA87206955CF}
	EndGlobalSection
EndGlobal
