
Microsoft Visual Studio Solution File, Format Version 12.00
# Visual Studio Version 17
VisualStudioVersion = 17.14.36301.6 d17.14
MinimumVisualStudioVersion = 10.0.40219.1
Project("{8BC9CEB8-8B4A-11D0-8D11-00A0C91BC942}") = "Chapter4-5", "Chapter4-5\Chapter4-5.vcxproj", "{52678692-6954-4EE2-86B0-1CA2C6DD690E}"
EndProject
Global
	GlobalSection(SolutionConfigurationPlatforms) = preSolution
		Debug|x64 = Debug|x64
		Debug|x86 = Debug|x86
		Release|x64 = Release|x64
		Release|x86 = Release|x86
	EndGlobalSection
	GlobalSection(ProjectConfigurationPlatforms) = postSolution
		{52678692-6954-4EE2-86B0-1CA2C6DD690E}.Debug|x64.ActiveCfg = Debug|x64
		{52678692-6954-4EE2-86B0-1CA2C6DD690E}.Debug|x64.Build.0 = Debug|x64
		{52678692-6954-4EE2-86B0-1CA2C6DD690E}.Debug|x86.ActiveCfg = Debug|Win32
		{52678692-6954-4EE2-86B0-1CA2C6DD690E}.Debug|x86.Build.0 = Debug|Win32
		{52678692-6954-4EE2-86B0-1CA2C6DD690E}.Release|x64.ActiveCfg = Release|x64
		{52678692-6954-4EE2-86B0-1CA2C6DD690E}.Release|x64.Build.0 = Release|x64
		{52678692-6954-4EE2-86B0-1CA2C6DD690E}.Release|x86.ActiveCfg = Release|Win32
		{52678692-6954-4EE2-86B0-1CA2C6DD690E}.Release|x86.Build.0 = Release|Win32
	EndGlobalSection
	GlobalSection(SolutionProperties) = preSolution
		HideSolutionNode = FALSE
	EndGlobalSection
	GlobalSection(ExtensibilityGlobals) = postSolution
		SolutionGuid = {BEB3E5D8-C3D1-4B9F-8D93-B0A200A71DAC}
	EndGlobalSection
EndGlobal
