
Microsoft Visual Studio Solution File, Format Version 12.00
# Visual Studio Version 17
VisualStudioVersion = 17.14.36121.58 d17.14
MinimumVisualStudioVersion = 10.0.40219.1
Project("{8BC9CEB8-8B4A-11D0-8D11-00A0C91BC942}") = "TypeAndVariable", "TypeAndVariable\TypeAndVariable.vcxproj", "{C9B63977-4448-4B9B-81DE-6BF1D5A931BF}"
EndProject
Global
	GlobalSection(SolutionConfigurationPlatforms) = preSolution
		Debug|x64 = Debug|x64
		Debug|x86 = Debug|x86
		Release|x64 = Release|x64
		Release|x86 = Release|x86
	EndGlobalSection
	GlobalSection(ProjectConfigurationPlatforms) = postSolution
		{C9B63977-4448-4B9B-81DE-6BF1D5A931BF}.Debug|x64.ActiveCfg = Debug|x64
		{C9B63977-4448-4B9B-81DE-6BF1D5A931BF}.Debug|x64.Build.0 = Debug|x64
		{C9B63977-4448-4B9B-81DE-6BF1D5A931BF}.Debug|x86.ActiveCfg = Debug|Win32
		{C9B63977-4448-4B9B-81DE-6BF1D5A931BF}.Debug|x86.Build.0 = Debug|Win32
		{C9B63977-4448-4B9B-81DE-6BF1D5A931BF}.Release|x64.ActiveCfg = Release|x64
		{C9B63977-4448-4B9B-81DE-6BF1D5A931BF}.Release|x64.Build.0 = Release|x64
		{C9B63977-4448-4B9B-81DE-6BF1D5A931BF}.Release|x86.ActiveCfg = Release|Win32
		{C9B63977-4448-4B9B-81DE-6BF1D5A931BF}.Release|x86.Build.0 = Release|Win32
	EndGlobalSection
	GlobalSection(SolutionProperties) = preSolution
		HideSolutionNode = FALSE
	EndGlobalSection
	GlobalSection(ExtensibilityGlobals) = postSolution
		SolutionGuid = {418F25F7-DBCB-4A93-ABE2-B13F7AC9621E}
	EndGlobalSection
EndGlobal
