
Microsoft Visual Studio Solution File, Format Version 12.00
# Visual Studio Version 17
VisualStudioVersion = 17.14.36221.1 d17.14
MinimumVisualStudioVersion = 10.0.40219.1
Project("{8BC9CEB8-8B4A-11D0-8D11-00A0C91BC942}") = "InputFucntionOperation", "InputFucntionOperation\InputFucntionOperation.vcxproj", "{B2B614D2-F483-406E-A1FD-271D8468566A}"
EndProject
Global
	GlobalSection(SolutionConfigurationPlatforms) = preSolution
		Debug|x64 = Debug|x64
		Debug|x86 = Debug|x86
		Release|x64 = Release|x64
		Release|x86 = Release|x86
	EndGlobalSection
	GlobalSection(ProjectConfigurationPlatforms) = postSolution
		{B2B614D2-F483-406E-A1FD-271D8468566A}.Debug|x64.ActiveCfg = Debug|x64
		{B2B614D2-F483-406E-A1FD-271D8468566A}.Debug|x64.Build.0 = Debug|x64
		{B2B614D2-F483-406E-A1FD-271D8468566A}.Debug|x86.ActiveCfg = Debug|Win32
		{B2B614D2-F483-406E-A1FD-271D8468566A}.Debug|x86.Build.0 = Debug|Win32
		{B2B614D2-F483-406E-A1FD-271D8468566A}.Release|x64.ActiveCfg = Release|x64
		{B2B614D2-F483-406E-A1FD-271D8468566A}.Release|x64.Build.0 = Release|x64
		{B2B614D2-F483-406E-A1FD-271D8468566A}.Release|x86.ActiveCfg = Release|Win32
		{B2B614D2-F483-406E-A1FD-271D8468566A}.Release|x86.Build.0 = Release|Win32
	EndGlobalSection
	GlobalSection(SolutionProperties) = preSolution
		HideSolutionNode = FALSE
	EndGlobalSection
	GlobalSection(ExtensibilityGlobals) = postSolution
		SolutionGuid = {906AC5CA-A375-49C7-BD00-095FF4CE4940}
	EndGlobalSection
EndGlobal
